
Microsoft Visual Studio Solution File, Format Version 12.00
# Visual Studio Version 17
VisualStudioVersion = 17.7.34302.85
MinimumVisualStudioVersion = 10.0.40219.1
Project("{FAE04EC0-301F-11D3-BF4B-00C04F79EFBC}") = "PipocaAgilPodcast-tests", "PipocaAgilPodcast-tests.csproj", "{DDC7D720-95E8-4053-ACD8-707FF87C5EE2}"
EndProject
Global
	GlobalSection(SolutionConfigurationPlatforms) = preSolution
		Debug|Any CPU = Debug|Any CPU
		Release|Any CPU = Release|Any CPU
	EndGlobalSection
	GlobalSection(ProjectConfigurationPlatforms) = postSolution
		{DDC7D720-95E8-4053-ACD8-707FF87C5EE2}.Debug|Any CPU.ActiveCfg = Debug|Any CPU
		{DDC7D720-95E8-4053-ACD8-707FF87C5EE2}.Debug|Any CPU.Build.0 = Debug|Any CPU
		{DDC7D720-95E8-4053-ACD8-707FF87C5EE2}.Release|Any CPU.ActiveCfg = Release|Any CPU
		{DDC7D720-95E8-4053-ACD8-707FF87C5EE2}.Release|Any CPU.Build.0 = Release|Any CPU
	EndGlobalSection
	GlobalSection(SolutionProperties) = preSolution
		HideSolutionNode = FALSE
	EndGlobalSection
	GlobalSection(ExtensibilityGlobals) = postSolution
		SolutionGuid = {7A0FF921-A085-434E-95D8-88CB19A247E2}
	EndGlobalSection
EndGlobal
